{
  "object": {
    "pins": [
      {
        "package": "CommonCrypto",
        "repositoryURL": "https://github.com/IBM-Swift/CommonCrypto.git",
        "state": {
          "branch": null,
          "revision": "9156d238dbc4c15455b77b45e721b2bb0b995e31",
          "version": "0.1.5"
        }
      },
      {
        "package": "FootlessParser",
        "repositoryURL": "/Users/peter/Developer/FootlessParser",
        "state": {
          "branch": null,
          "revision": "5c5ea591c70f4454a362d15fc402deec7ee20476",
          "version": "1.0.6"
        }
      }
    ]
  },
  "version": 1
}
